
Microsoft Visual Studio Solution File, Format Version 12.00
# Visual Studio Version 16
VisualStudioVersion = 16.0.30011.22
MinimumVisualStudioVersion = 10.0.40219.1
Project("{FAE04EC0-301F-11D3-BF4B-00C04F79EFBC}") = "MainProg", "MainApp\MainProg.csproj", "{148F9141-1363-4B7C-8778-D5F3133E9ECF}"
EndProject
Project("{FAE04EC0-301F-11D3-BF4B-00C04F79EFBC}") = "MainProg.Test", "MainProg.Test\MainProg.Test.csproj", "{88CA9958-0E20-4F1F-B409-E262525F02B6}"
EndProject
Global
	GlobalSection(SolutionConfigurationPlatforms) = preSolution
		Debug|Any CPU = Debug|Any CPU
		Release|Any CPU = Release|Any CPU
	EndGlobalSection
	GlobalSection(ProjectConfigurationPlatforms) = postSolution
		{148F9141-1363-4B7C-8778-D5F3133E9ECF}.Debug|Any CPU.ActiveCfg = Debug|Any CPU
		{148F9141-1363-4B7C-8778-D5F3133E9ECF}.Debug|Any CPU.Build.0 = Debug|Any CPU
		{148F9141-1363-4B7C-8778-D5F3133E9ECF}.Release|Any CPU.ActiveCfg = Release|Any CPU
		{148F9141-1363-4B7C-8778-D5F3133E9ECF}.Release|Any CPU.Build.0 = Release|Any CPU
		{88CA9958-0E20-4F1F-B409-E262525F02B6}.Debug|Any CPU.ActiveCfg = Debug|Any CPU
		{88CA9958-0E20-4F1F-B409-E262525F02B6}.Debug|Any CPU.Build.0 = Debug|Any CPU
		{88CA9958-0E20-4F1F-B409-E262525F02B6}.Release|Any CPU.ActiveCfg = Release|Any CPU
		{88CA9958-0E20-4F1F-B409-E262525F02B6}.Release|Any CPU.Build.0 = Release|Any CPU
	EndGlobalSection
	GlobalSection(SolutionProperties) = preSolution
		HideSolutionNode = FALSE
	EndGlobalSection
	GlobalSection(ExtensibilityGlobals) = postSolution
		SolutionGuid = {035B82BE-DEB1-4CCB-80C3-A41BB16D16D2}
	EndGlobalSection
EndGlobal
